// !$*UTF8*$!
{
	archiveVersion = 1;
	classes = {
	};
	objectVersion = 50;
	objects = {

/* Begin PBXBuildFile section */
		B247802C2969C63E00CFC67E /* CustomTableViewCell.swift in Sources */ = {isa = PBXBuildFile; fileRef = B247802B2969C63E00CFC67E /* CustomTableViewCell.swift */; };
		B24825B6296B0A650010EAAD /* DetailViewController.swift in Sources */ = {isa = PBXBuildFile; fileRef = B24825B5296B0A650010EAAD /* DetailViewController.swift */; };
		B25E884C29695EB300156799 /* AppDelegate.swift in Sources */ = {isa = PBXBuildFile; fileRef = B25E884B29695EB300156799 /* AppDelegate.swift */; };
		B25E884E29695EB300156799 /* SceneDelegate.swift in Sources */ = {isa = PBXBuildFile; fileRef = B25E884D29695EB300156799 /* SceneDelegate.swift */; };
		B25E885029695EB300156799 /* ViewController.swift in Sources */ = {isa = PBXBuildFile; fileRef = B25E884F29695EB300156799 /* ViewController.swift */; };
		B25E885329695EB300156799 /* Main.storyboard in Resources */ = {isa = PBXBuildFile; fileRef = B25E885129695EB300156799 /* Main.storyboard */; };
		B25E885529695EB600156799 /* Assets.xcassets in Resources */ = {isa = PBXBuildFile; fileRef = B25E885429695EB600156799 /* Assets.xcassets */; };
		B25E885829695EB600156799 /* LaunchScreen.storyboard in Resources */ = {isa = PBXBuildFile; fileRef = B25E885629695EB600156799 /* LaunchScreen.storyboard */; };
		B25E886129696AF300156799 /* AlbumModel.swift in Sources */ = {isa = PBXBuildFile; fileRef = B25E886029696AF300156799 /* AlbumModel.swift */; };
/* End PBXBuildFile section */

/* Begin PBXFileReference section */
		B247802B2969C63E00CFC67E /* CustomTableViewCell.swift */ = {isa = PBXFileReference; lastKnownFileType = sourcecode.swift; path = CustomTableViewCell.swift; sourceTree = "<group>"; };
		B24825B5296B0A650010EAAD /* DetailViewController.swift */ = {isa = PBXFileReference; lastKnownFileType = sourcecode.swift; path = DetailViewController.swift; sourceTree = "<group>"; };
		B25E884829695EB300156799 /* easycomExam.app */ = {isa = PBXFileReference; explicitFileType = wrapper.application; includeInIndex = 0; path = easycomExam.app; sourceTree = BUILT_PRODUCTS_DIR; };
		B25E884B29695EB300156799 /* AppDelegate.swift */ = {isa = PBXFileReference; lastKnownFileType = sourcecode.swift; path = AppDelegate.swift; sourceTree = "<group>"; };
		B25E884D29695EB300156799 /* SceneDelegate.swift */ = {isa = PBXFileReference; lastKnownFileType = sourcecode.swift; path = SceneDelegate.swift; sourceTree = "<group>"; };
		B25E884F29695EB300156799 /* ViewController.swift */ = {isa = PBXFileReference; lastKnownFileType = sourcecode.swift; path = ViewController.swift; sourceTree = "<group>"; };
		B25E885229695EB300156799 /* Base */ = {isa = PBXFileReference; lastKnownFileType = file.storyboard; name = Base; path = Base.lproj/Main.storyboard; sourceTree = "<group>"; };
		B25E885429695EB600156799 /* Assets.xcassets */ = {isa = PBXFileReference; lastKnownFileType = folder.assetcatalog; path = Assets.xcassets; sourceTree = "<group>"; };
		B25E885729695EB600156799 /* Base */ = {isa = PBXFileReference; lastKnownFileType = file.storyboard; name = Base; path = Base.lproj/LaunchScreen.storyboard; sourceTree = "<group>"; };
		B25E885929695EB600156799 /* Info.plist */ = {isa = PBXFileReference; lastKnownFileType = text.plist.xml; path = Info.plist; sourceTree = "<group>"; };
		B25E886029696AF300156799 /* AlbumModel.swift */ = {isa = PBXFileReference; lastKnownFileType = sourcecode.swift; path = AlbumModel.swift; sourceTree = "<group>"; };
/* End PBXFileReference section */

/* Begin PBXFrameworksBuildPhase section */
		B25E884529695EB300156799 /* Frameworks */ = {
			isa = PBXFrameworksBuildPhase;
			buildActionMask = 2147483647;
			files = (
			);
			runOnlyForDeploymentPostprocessing = 0;
		};
/* End PBXFrameworksBuildPhase section */

/* Begin PBXGroup section */
		B247802A2969C55400CFC67E /* View */ = {
			isa = PBXGroup;
			children = (
				B25E885129695EB300156799 /* Main.storyboard */,
			);
			path = View;
			sourceTree = "<group>";
		};
		B25E883F29695EB300156799 = {
			isa = PBXGroup;
			children = (
				B25E884A29695EB300156799 /* easycomExam */,
				B25E884929695EB300156799 /* Products */,
			);
			sourceTree = "<group>";
		};
		B25E884929695EB300156799 /* Products */ = {
			isa = PBXGroup;
			children = (
				B25E884829695EB300156799 /* easycomExam.app */,
			);
			name = Products;
			sourceTree = "<group>";
		};
		B25E884A29695EB300156799 /* easycomExam */ = {
			isa = PBXGroup;
			children = (
				B25E884B29695EB300156799 /* AppDelegate.swift */,
				B25E884D29695EB300156799 /* SceneDelegate.swift */,
				B25E885F29696ADA00156799 /* Model */,
				B247802A2969C55400CFC67E /* View */,
				B25E886229696C4400156799 /* Controller */,
				B25E885429695EB600156799 /* Assets.xcassets */,
				B25E885629695EB600156799 /* LaunchScreen.storyboard */,
				B25E885929695EB600156799 /* Info.plist */,
			);
			path = easycomExam;
			sourceTree = "<group>";
		};
		B25E885F29696ADA00156799 /* Model */ = {
			isa = PBXGroup;
			children = (
				B25E886029696AF300156799 /* AlbumModel.swift */,
			);
			path = Model;
			sourceTree = "<group>";
		};
		B25E886229696C4400156799 /* Controller */ = {
			isa = PBXGroup;
			children = (
				B25E884F29695EB300156799 /* ViewController.swift */,
				B247802B2969C63E00CFC67E /* CustomTableViewCell.swift */,
				B24825B5296B0A650010EAAD /* DetailViewController.swift */,
			);
			path = Controller;
			sourceTree = "<group>";
		};
/* End PBXGroup section */

/* Begin PBXNativeTarget section */
		B25E884729695EB300156799 /* easycomExam */ = {
			isa = PBXNativeTarget;
			buildConfigurationList = B25E885C29695EB600156799 /* Build configuration list for PBXNativeTarget "easycomExam" */;
			buildPhases = (
				B25E884429695EB300156799 /* Sources */,
				B25E884529695EB300156799 /* Frameworks */,
				B25E884629695EB300156799 /* Resources */,
			);
			buildRules = (
			);
			dependencies = (
			);
			name = easycomExam;
			productName = easycomExam;
			productReference = B25E884829695EB300156799 /* easycomExam.app */;
			productType = "com.apple.product-type.application";
		};
/* End PBXNativeTarget section */

/* Begin PBXProject section */
		B25E884029695EB300156799 /* Project object */ = {
			isa = PBXProject;
			attributes = {
				LastSwiftUpdateCheck = 1250;
				LastUpgradeCheck = 1250;
				TargetAttributes = {
					B25E884729695EB300156799 = {
						CreatedOnToolsVersion = 12.5.1;
					};
				};
			};
			buildConfigurationList = B25E884329695EB300156799 /* Build configuration list for PBXProject "easycomExam" */;
			compatibilityVersion = "Xcode 9.3";
			developmentRegion = en;
			hasScannedForEncodings = 0;
			knownRegions = (
				en,
				Base,
			);
			mainGroup = B25E883F29695EB300156799;
			productRefGroup = B25E884929695EB300156799 /* Products */;
			projectDirPath = "";
			projectRoot = "";
			targets = (
				B25E884729695EB300156799 /* easycomExam */,
			);
		};
/* End PBXProject section */

/* Begin PBXResourcesBuildPhase section */
		B25E884629695EB300156799 /* Resources */ = {
			isa = PBXResourcesBuildPhase;
			buildActionMask = 2147483647;
			files = (
				B25E885829695EB600156799 /* LaunchScreen.storyboard in Resources */,
				B25E885529695EB600156799 /* Assets.xcassets in Resources */,
				B25E885329695EB300156799 /* Main.storyboard in Resources */,
			);
			runOnlyForDeploymentPostprocessing = 0;
		};
/* End PBXResourcesBuildPhase section */

/* Begin PBXSourcesBuildPhase section */
		B25E884429695EB300156799 /* Sources */ = {
			isa = PBXSourcesBuildPhase;
			buildActionMask = 2147483647;
			files = (
				B25E885029695EB300156799 /* ViewController.swift in Sources */,
				B247802C2969C63E00CFC67E /* CustomTableViewCell.swift in Sources */,
				B25E886129696AF300156799 /* AlbumModel.swift in Sources */,
				B24825B6296B0A650010EAAD /* DetailViewController.swift in Sources */,
				B25E884C29695EB300156799 /* AppDelegate.swift in Sources */,
				B25E884E29695EB300156799 /* SceneDelegate.swift in Sources */,
			);
			runOnlyForDeploymentPostprocessing = 0;
		};
/* End PBXSourcesBuildPhase section */

/* Begin PBXVariantGroup section */
		B25E885129695EB300156799 /* Main.storyboard */ = {
			isa = PBXVariantGroup;
			children = (
				B25E885229695EB300156799 /* Base */,
			);
			name = Main.storyboard;
			sourceTree = "<group>";
		};
		B25E885629695EB600156799 /* LaunchScreen.storyboard */ = {
			isa = PBXVariantGroup;
			children = (
				B25E885729695EB600156799 /* Base */,
			);
			name = LaunchScreen.storyboard;
			sourceTree = "<group>";
		};
/* End PBXVariantGroup section */

/* Begin XCBuildConfiguration section */
		B25E885A29695EB600156799 /* Debug */ = {
			isa = XCBuildConfiguration;
			buildSettings = {
				ALWAYS_SEARCH_USER_PATHS = NO;
				CLANG_ANALYZER_NONNULL = YES;
				CLANG_ANALYZER_NUMBER_OBJECT_CONVERSION = YES_AGGRESSIVE;
				CLANG_CXX_LANGUAGE_STANDARD = "gnu++14";
				CLANG_CXX_LIBRARY = "libc++";
				CLANG_ENABLE_MODULES = YES;
				CLANG_ENABLE_OBJC_ARC = YES;
				CLANG_ENABLE_OBJC_WEAK = YES;
				CLANG_WARN_BLOCK_CAPTURE_AUTORELEASING = YES;
				CLANG_WARN_BOOL_CONVERSION = YES;
				CLANG_WARN_COMMA = YES;
				CLANG_WARN_CONSTANT_CONVERSION = YES;
				CLANG_WARN_DEPRECATED_OBJC_IMPLEMENTATIONS = YES;
				CLANG_WARN_DIRECT_OBJC_ISA_USAGE = YES_ERROR;
				CLANG_WARN_DOCUMENTATION_COMMENTS = YES;
				CLANG_WARN_EMPTY_BODY = YES;
				CLANG_WARN_ENUM_CONVERSION = YES;
				CLANG_WARN_INFINITE_RECURSION = YES;
				CLANG_WARN_INT_CONVERSION = YES;
				CLANG_WARN_NON_LITERAL_NULL_CONVERSION = YES;
				CLANG_WARN_OBJC_IMPLICIT_RETAIN_SELF = YES;
				CLANG_WARN_OBJC_LITERAL_CONVERSION = YES;
				CLANG_WARN_OBJC_ROOT_CLASS = YES_ERROR;
				CLANG_WARN_QUOTED_INCLUDE_IN_FRAMEWORK_HEADER = YES;
				CLANG_WARN_RANGE_LOOP_ANALYSIS = YES;
				CLANG_WARN_STRICT_PROTOTYPES = YES;
				CLANG_WARN_SUSPICIOUS_MOVE = YES;
				CLANG_WARN_UNGUARDED_AVAILABILITY = YES_AGGRESSIVE;
				CLANG_WARN_UNREACHABLE_CODE = YES;
				CLANG_WARN__DUPLICATE_METHOD_MATCH = YES;
				COPY_PHASE_STRIP = NO;
				DEBUG_INFORMATION_FORMAT = dwarf;
				ENABLE_STRICT_OBJC_MSGSEND = YES;
				ENABLE_TESTABILITY = YES;
				GCC_C_LANGUAGE_STANDARD = gnu11;
				GCC_DYNAMIC_NO_PIC = NO;
				GCC_NO_COMMON_BLOCKS = YES;
				GCC_OPTIMIZATION_LEVEL = 0;
				GCC_PREPROCESSOR_DEFINITIONS = (
					"DEBUG=1",
					"$(inherited)",
				);
				GCC_WARN_64_TO_32_BIT_CONVERSION = YES;
				GCC_WARN_ABOUT_RETURN_TYPE = YES_ERROR;
				GCC_WARN_UNDECLARED_SELECTOR = YES;
				GCC_WARN_UNINITIALIZED_AUTOS = YES_AGGRESSIVE;
				GCC_WARN_UNUSED_FUNCTION = YES;
				GCC_WARN_UNUSED_VARIABLE = YES;
				IPHONEOS_DEPLOYMENT_TARGET = 14.5;
				MTL_ENABLE_DEBUG_INFO = INCLUDE_SOURCE;
				MTL_FAST_MATH = YES;
				ONLY_ACTIVE_ARCH = YES;
				SDKROOT = iphoneos;
				SWIFT_ACTIVE_COMPILATION_CONDITIONS = DEBUG;
				SWIFT_OPTIMIZATION_LEVEL = "-Onone";
			};
			name = Debug;
		};
		B25E885B29695EB600156799 /* Release */ = {
			isa = XCBuildConfiguration;
			buildSettings = {
				ALWAYS_SEARCH_USER_PATHS = NO;
				CLANG_ANALYZER_NONNULL = YES;
				CLANG_ANALYZER_NUMBER_OBJECT_CONVERSION = YES_AGGRESSIVE;
				CLANG_CXX_LANGUAGE_STANDARD = "gnu++14";
				CLANG_CXX_LIBRARY = "libc++";
				CLANG_ENABLE_MODULES = YES;
				CLANG_ENABLE_OBJC_ARC = YES;
				CLANG_ENABLE_OBJC_WEAK = YES;
				CLANG_WARN_BLOCK_CAPTURE_AUTORELEASING = YES;
				CLANG_WARN_BOOL_CONVERSION = YES;
				CLANG_WARN_COMMA = YES;
				CLANG_WARN_CONSTANT_CONVERSION = YES;
				CLANG_WARN_DEPRECATED_OBJC_IMPLEMENTATIONS = YES;
				CLANG_WARN_DIRECT_OBJC_ISA_USAGE = YES_ERROR;
				CLANG_WARN_DOCUMENTATION_COMMENTS = YES;
				CLANG_WARN_EMPTY_BODY = YES;
				CLANG_WARN_ENUM_CONVERSION = YES;
				CLANG_WARN_INFINITE_RECURSION = YES;
				CLANG_WARN_INT_CONVERSION = YES;
				CLANG_WARN_NON_LITERAL_NULL_CONVERSION = YES;
				CLANG_WARN_OBJC_IMPLICIT_RETAIN_SELF = YES;
				CLANG_WARN_OBJC_LITERAL_CONVERSION = YES;
				CLANG_WARN_OBJC_ROOT_CLASS = YES_ERROR;
				CLANG_WARN_QUOTED_INCLUDE_IN_FRAMEWORK_HEADER = YES;
				CLANG_WARN_RANGE_LOOP_ANALYSIS = YES;
				CLANG_WARN_STRICT_PROTOTYPES = YES;
				CLANG_WARN_SUSPICIOUS_MOVE = YES;
				CLANG_WARN_UNGUARDED_AVAILABILITY = YES_AGGRESSIVE;
				CLANG_WARN_UNREACHABLE_CODE = YES;
				CLANG_WARN__DUPLICATE_METHOD_MATCH = YES;
				COPY_PHASE_STRIP = NO;
				DEBUG_INFORMATION_FORMAT = "dwarf-with-dsym";
				ENABLE_NS_ASSERTIONS = NO;
				ENABLE_STRICT_OBJC_MSGSEND = YES;
				GCC_C_LANGUAGE_STANDARD = gnu11;
				GCC_NO_COMMON_BLOCKS = YES;
				GCC_WARN_64_TO_32_BIT_CONVERSION = YES;
				GCC_WARN_ABOUT_RETURN_TYPE = YES_ERROR;
				GCC_WARN_UNDECLARED_SELECTOR = YES;
				GCC_WARN_UNINITIALIZED_AUTOS = YES_AGGRESSIVE;
				GCC_WARN_UNUSED_FUNCTION = YES;
				GCC_WARN_UNUSED_VARIABLE = YES;
				IPHONEOS_DEPLOYMENT_TARGET = 14.5;
				MTL_ENABLE_DEBUG_INFO = NO;
				MTL_FAST_MATH = YES;
				SDKROOT = iphoneos;
				SWIFT_COMPILATION_MODE = wholemodule;
				SWIFT_OPTIMIZATION_LEVEL = "-O";
				VALIDATE_PRODUCT = YES;
			};
			name = Release;
		};
		B25E885D29695EB600156799 /* Debug */ = {
			isa = XCBuildConfiguration;
			buildSettings = {
				ASSETCATALOG_COMPILER_APPICON_NAME = AppIcon;
				ASSETCATALOG_COMPILER_GLOBAL_ACCENT_COLOR_NAME = AccentColor;
				CODE_SIGN_STYLE = Automatic;
				DEVELOPMENT_TEAM = UWF2AC7CJL;
				INFOPLIST_FILE = easycomExam/Info.plist;
				LD_RUNPATH_SEARCH_PATHS = (
					"$(inherited)",
					"@executable_path/Frameworks",
				);
				PRODUCT_BUNDLE_IDENTIFIER = com.jaogarciaorg.easycomExam;
				PRODUCT_NAME = "$(TARGET_NAME)";
				SWIFT_VERSION = 5.0;
				TARGETED_DEVICE_FAMILY = "1,2";
			};
			name = Debug;
		};
		B25E885E29695EB600156799 /* Release */ = {
			isa = XCBuildConfiguration;
			buildSettings = {
				ASSETCATALOG_COMPILER_APPICON_NAME = AppIcon;
				ASSETCATALOG_COMPILER_GLOBAL_ACCENT_COLOR_NAME = AccentColor;
				CODE_SIGN_STYLE = Automatic;
				DEVELOPMENT_TEAM = UWF2AC7CJL;
				INFOPLIST_FILE = easycomExam/Info.plist;
				LD_RUNPATH_SEARCH_PATHS = (
					"$(inherited)",
					"@executable_path/Frameworks",
				);
				PRODUCT_BUNDLE_IDENTIFIER = com.jaogarciaorg.easycomExam;
				PRODUCT_NAME = "$(TARGET_NAME)";
				SWIFT_VERSION = 5.0;
				TARGETED_DEVICE_FAMILY = "1,2";
			};
			name = Release;
		};
/* End XCBuildConfiguration section */

/* Begin XCConfigurationList section */
		B25E884329695EB300156799 /* Build configuration list for PBXProject "easycomExam" */ = {
			isa = XCConfigurationList;
			buildConfigurations = (
				B25E885A29695EB600156799 /* Debug */,
				B25E885B29695EB600156799 /* Release */,
			);
			defaultConfigurationIsVisible = 0;
			defaultConfigurationName = Release;
		};
		B25E885C29695EB600156799 /* Build configuration list for PBXNativeTarget "easycomExam" */ = {
			isa = XCConfigurationList;
			buildConfigurations = (
				B25E885D29695EB600156799 /* Debug */,
				B25E885E29695EB600156799 /* Release */,
			);
			defaultConfigurationIsVisible = 0;
			defaultConfigurationName = Release;
		};
/* End XCConfigurationList section */
	};
	rootObject = B25E884029695EB300156799 /* Project object */;
}
